
Microsoft Visual Studio Solution File, Format Version 12.00
# Visual Studio Version 17
VisualStudioVersion = 17.7.34031.279
MinimumVisualStudioVersion = 10.0.40219.1
Project("{FAE04EC0-301F-11D3-BF4B-00C04F79EFBC}") = "ToDoActivityAppAPI.Entity", "ToDoActivityAppAPI.Entity\ToDoActivityAppAPI.Entity.csproj", "{83BF3425-7A19-4033-A41C-A542CCB081F0}"
EndProject
Global
	GlobalSection(SolutionConfigurationPlatforms) = preSolution
		Debug|Any CPU = Debug|Any CPU
		Release|Any CPU = Release|Any CPU
	EndGlobalSection
	GlobalSection(ProjectConfigurationPlatforms) = postSolution
		{83BF3425-7A19-4033-A41C-A542CCB081F0}.Debug|Any CPU.ActiveCfg = Debug|Any CPU
		{83BF3425-7A19-4033-A41C-A542CCB081F0}.Debug|Any CPU.Build.0 = Debug|Any CPU
		{83BF3425-7A19-4033-A41C-A542CCB081F0}.Release|Any CPU.ActiveCfg = Release|Any CPU
		{83BF3425-7A19-4033-A41C-A542CCB081F0}.Release|Any CPU.Build.0 = Release|Any CPU
	EndGlobalSection
	GlobalSection(SolutionProperties) = preSolution
		HideSolutionNode = FALSE
	EndGlobalSection
	GlobalSection(ExtensibilityGlobals) = postSolution
		SolutionGuid = {D2B4DBA7-ECC9-4F3C-8EDD-93C3FECF2C1F}
	EndGlobalSection
EndGlobal
